
Microsoft Visual Studio Solution File, Format Version 12.00
# Visual Studio Version 17
VisualStudioVersion = 17.0.31903.59
MinimumVisualStudioVersion = 10.0.40219.1
Project("{2150E333-8FDC-42A3-9474-1A3956D46DE8}") = "src", "src", "{827E0CD3-B72D-47B6-A68D-7590B98EB39B}"
EndProject
Project("{FAE04EC0-301F-11D3-BF4B-00C04F79EFBC}") = "WorkOrderManagement.Api", "src\WorkOrderManagement.Api\WorkOrderManagement.Api.csproj", "{03E3D9A4-3401-4768-8CF6-12592016BDE2}"
EndProject
Project("{FAE04EC0-301F-11D3-BF4B-00C04F79EFBC}") = "WorkOrderManagement.Application", "src\WorkOrderManagement.Application\WorkOrderManagement.Application.csproj", "{15912389-7533-4FB5-832C-28E8A421C8EB}"
EndProject
Project("{FAE04EC0-301F-11D3-BF4B-00C04F79EFBC}") = "WorkOrderManagement.Domain", "src\WorkOrderManagement.Domain\WorkOrderManagement.Domain.csproj", "{FE3E171D-03A9-4CF4-B782-43B1F973FF54}"
EndProject
Project("{FAE04EC0-301F-11D3-BF4B-00C04F79EFBC}") = "WorkOrderManagement.Infrastructure", "src\WorkOrderManagement.Infrastructure\WorkOrderManagement.Infrastructure.csproj", "{6086992F-C217-4826-A269-FC42EFCC326B}"
EndProject
Project("{2150E333-8FDC-42A3-9474-1A3956D46DE8}") = "tests", "tests", "{0AB3BF05-4346-4AA6-1389-037BE0695223}"
EndProject
Project("{FAE04EC0-301F-11D3-BF4B-00C04F79EFBC}") = "WorkOrderManagement.UnitTests", "tests\WorkOrderManagement.UnitTests\WorkOrderManagement.UnitTests.csproj", "{6B6D8416-1CD6-48CC-A84F-619F75636329}"
EndProject
Project("{FAE04EC0-301F-11D3-BF4B-00C04F79EFBC}") = "WorkOrderManagement.IntegrationTests", "tests\WorkOrderManagement.IntegrationTests\WorkOrderManagement.IntegrationTests.csproj", "{DB787428-189C-49A6-B4E8-F8C6A1435275}"
EndProject
Global
	GlobalSection(SolutionConfigurationPlatforms) = preSolution
		Debug|Any CPU = Debug|Any CPU
		Debug|x64 = Debug|x64
		Debug|x86 = Debug|x86
		Release|Any CPU = Release|Any CPU
		Release|x64 = Release|x64
		Release|x86 = Release|x86
	EndGlobalSection
	GlobalSection(ProjectConfigurationPlatforms) = postSolution
		{03E3D9A4-3401-4768-8CF6-12592016BDE2}.Debug|Any CPU.ActiveCfg = Debug|Any CPU
		{03E3D9A4-3401-4768-8CF6-12592016BDE2}.Debug|Any CPU.Build.0 = Debug|Any CPU
		{03E3D9A4-3401-4768-8CF6-12592016BDE2}.Debug|x64.ActiveCfg = Debug|Any CPU
		{03E3D9A4-3401-4768-8CF6-12592016BDE2}.Debug|x64.Build.0 = Debug|Any CPU
		{03E3D9A4-3401-4768-8CF6-12592016BDE2}.Debug|x86.ActiveCfg = Debug|Any CPU
		{03E3D9A4-3401-4768-8CF6-12592016BDE2}.Debug|x86.Build.0 = Debug|Any CPU
		{03E3D9A4-3401-4768-8CF6-12592016BDE2}.Release|Any CPU.ActiveCfg = Release|Any CPU
		{03E3D9A4-3401-4768-8CF6-12592016BDE2}.Release|Any CPU.Build.0 = Release|Any CPU
		{03E3D9A4-3401-4768-8CF6-12592016BDE2}.Release|x64.ActiveCfg = Release|Any CPU
		{03E3D9A4-3401-4768-8CF6-12592016BDE2}.Release|x64.Build.0 = Release|Any CPU
		{03E3D9A4-3401-4768-8CF6-12592016BDE2}.Release|x86.ActiveCfg = Release|Any CPU
		{03E3D9A4-3401-4768-8CF6-12592016BDE2}.Release|x86.Build.0 = Release|Any CPU
		{15912389-7533-4FB5-832C-28E8A421C8EB}.Debug|Any CPU.ActiveCfg = Debug|Any CPU
		{15912389-7533-4FB5-832C-28E8A421C8EB}.Debug|Any CPU.Build.0 = Debug|Any CPU
		{15912389-7533-4FB5-832C-28E8A421C8EB}.Debug|x64.ActiveCfg = Debug|Any CPU
		{15912389-7533-4FB5-832C-28E8A421C8EB}.Debug|x64.Build.0 = Debug|Any CPU
		{15912389-7533-4FB5-832C-28E8A421C8EB}.Debug|x86.ActiveCfg = Debug|Any CPU
		{15912389-7533-4FB5-832C-28E8A421C8EB}.Debug|x86.Build.0 = Debug|Any CPU
		{15912389-7533-4FB5-832C-28E8A421C8EB}.Release|Any CPU.ActiveCfg = Release|Any CPU
		{15912389-7533-4FB5-832C-28E8A421C8EB}.Release|Any CPU.Build.0 = Release|Any CPU
		{15912389-7533-4FB5-832C-28E8A421C8EB}.Release|x64.ActiveCfg = Release|Any CPU
		{15912389-7533-4FB5-832C-28E8A421C8EB}.Release|x64.Build.0 = Release|Any CPU
		{15912389-7533-4FB5-832C-28E8A421C8EB}.Release|x86.ActiveCfg = Release|Any CPU
		{15912389-7533-4FB5-832C-28E8A421C8EB}.Release|x86.Build.0 = Release|Any CPU
		{FE3E171D-03A9-4CF4-B782-43B1F973FF54}.Debug|Any CPU.ActiveCfg = Debug|Any CPU
		{FE3E171D-03A9-4CF4-B782-43B1F973FF54}.Debug|Any CPU.Build.0 = Debug|Any CPU
		{FE3E171D-03A9-4CF4-B782-43B1F973FF54}.Debug|x64.ActiveCfg = Debug|Any CPU
		{FE3E171D-03A9-4CF4-B782-43B1F973FF54}.Debug|x64.Build.0 = Debug|Any CPU
		{FE3E171D-03A9-4CF4-B782-43B1F973FF54}.Debug|x86.ActiveCfg = Debug|Any CPU
		{FE3E171D-03A9-4CF4-B782-43B1F973FF54}.Debug|x86.Build.0 = Debug|Any CPU
		{FE3E171D-03A9-4CF4-B782-43B1F973FF54}.Release|Any CPU.ActiveCfg = Release|Any CPU
		{FE3E171D-03A9-4CF4-B782-43B1F973FF54}.Release|Any CPU.Build.0 = Release|Any CPU
		{FE3E171D-03A9-4CF4-B782-43B1F973FF54}.Release|x64.ActiveCfg = Release|Any CPU
		{FE3E171D-03A9-4CF4-B782-43B1F973FF54}.Release|x64.Build.0 = Release|Any CPU
		{FE3E171D-03A9-4CF4-B782-43B1F973FF54}.Release|x86.ActiveCfg = Release|Any CPU
		{FE3E171D-03A9-4CF4-B782-43B1F973FF54}.Release|x86.Build.0 = Release|Any CPU
		{6086992F-C217-4826-A269-FC42EFCC326B}.Debug|Any CPU.ActiveCfg = Debug|Any CPU
		{6086992F-C217-4826-A269-FC42EFCC326B}.Debug|Any CPU.Build.0 = Debug|Any CPU
		{6086992F-C217-4826-A269-FC42EFCC326B}.Debug|x64.ActiveCfg = Debug|Any CPU
		{6086992F-C217-4826-A269-FC42EFCC326B}.Debug|x64.Build.0 = Debug|Any CPU
		{6086992F-C217-4826-A269-FC42EFCC326B}.Debug|x86.ActiveCfg = Debug|Any CPU
		{6086992F-C217-4826-A269-FC42EFCC326B}.Debug|x86.Build.0 = Debug|Any CPU
		{6086992F-C217-4826-A269-FC42EFCC326B}.Release|Any CPU.ActiveCfg = Release|Any CPU
		{6086992F-C217-4826-A269-FC42EFCC326B}.Release|Any CPU.Build.0 = Release|Any CPU
		{6086992F-C217-4826-A269-FC42EFCC326B}.Release|x64.ActiveCfg = Release|Any CPU
		{6086992F-C217-4826-A269-FC42EFCC326B}.Release|x64.Build.0 = Release|Any CPU
		{6086992F-C217-4826-A269-FC42EFCC326B}.Release|x86.ActiveCfg = Release|Any CPU
		{6086992F-C217-4826-A269-FC42EFCC326B}.Release|x86.Build.0 = Release|Any CPU
		{6B6D8416-1CD6-48CC-A84F-619F75636329}.Debug|Any CPU.ActiveCfg = Debug|Any CPU
		{6B6D8416-1CD6-48CC-A84F-619F75636329}.Debug|Any CPU.Build.0 = Debug|Any CPU
		{6B6D8416-1CD6-48CC-A84F-619F75636329}.Debug|x64.ActiveCfg = Debug|Any CPU
		{6B6D8416-1CD6-48CC-A84F-619F75636329}.Debug|x64.Build.0 = Debug|Any CPU
		{6B6D8416-1CD6-48CC-A84F-619F75636329}.Debug|x86.ActiveCfg = Debug|Any CPU
		{6B6D8416-1CD6-48CC-A84F-619F75636329}.Debug|x86.Build.0 = Debug|Any CPU
		{6B6D8416-1CD6-48CC-A84F-619F75636329}.Release|Any CPU.ActiveCfg = Release|Any CPU
		{6B6D8416-1CD6-48CC-A84F-619F75636329}.Release|Any CPU.Build.0 = Release|Any CPU
		{6B6D8416-1CD6-48CC-A84F-619F75636329}.Release|x64.ActiveCfg = Release|Any CPU
		{6B6D8416-1CD6-48CC-A84F-619F75636329}.Release|x64.Build.0 = Release|Any CPU
		{6B6D8416-1CD6-48CC-A84F-619F75636329}.Release|x86.ActiveCfg = Release|Any CPU
		{6B6D8416-1CD6-48CC-A84F-619F75636329}.Release|x86.Build.0 = Release|Any CPU
		{DB787428-189C-49A6-B4E8-F8C6A1435275}.Debug|Any CPU.ActiveCfg = Debug|Any CPU
		{DB787428-189C-49A6-B4E8-F8C6A1435275}.Debug|Any CPU.Build.0 = Debug|Any CPU
		{DB787428-189C-49A6-B4E8-F8C6A1435275}.Debug|x64.ActiveCfg = Debug|Any CPU
		{DB787428-189C-49A6-B4E8-F8C6A1435275}.Debug|x64.Build.0 = Debug|Any CPU
		{DB787428-189C-49A6-B4E8-F8C6A1435275}.Debug|x86.ActiveCfg = Debug|Any CPU
		{DB787428-189C-49A6-B4E8-F8C6A1435275}.Debug|x86.Build.0 = Debug|Any CPU
		{DB787428-189C-49A6-B4E8-F8C6A1435275}.Release|Any CPU.ActiveCfg = Release|Any CPU
		{DB787428-189C-49A6-B4E8-F8C6A1435275}.Release|Any CPU.Build.0 = Release|Any CPU
		{DB787428-189C-49A6-B4E8-F8C6A1435275}.Release|x64.ActiveCfg = Release|Any CPU
		{DB787428-189C-49A6-B4E8-F8C6A1435275}.Release|x64.Build.0 = Release|Any CPU
		{DB787428-189C-49A6-B4E8-F8C6A1435275}.Release|x86.ActiveCfg = Release|Any CPU
		{DB787428-189C-49A6-B4E8-F8C6A1435275}.Release|x86.Build.0 = Release|Any CPU
	EndGlobalSection
	GlobalSection(SolutionProperties) = preSolution
		HideSolutionNode = FALSE
	EndGlobalSection
	GlobalSection(NestedProjects) = preSolution
		{03E3D9A4-3401-4768-8CF6-12592016BDE2} = {827E0CD3-B72D-47B6-A68D-7590B98EB39B}
		{15912389-7533-4FB5-832C-28E8A421C8EB} = {827E0CD3-B72D-47B6-A68D-7590B98EB39B}
		{FE3E171D-03A9-4CF4-B782-43B1F973FF54} = {827E0CD3-B72D-47B6-A68D-7590B98EB39B}
		{6086992F-C217-4826-A269-FC42EFCC326B} = {827E0CD3-B72D-47B6-A68D-7590B98EB39B}
		{6B6D8416-1CD6-48CC-A84F-619F75636329} = {0AB3BF05-4346-4AA6-1389-037BE0695223}
		{DB787428-189C-49A6-B4E8-F8C6A1435275} = {0AB3BF05-4346-4AA6-1389-037BE0695223}
	EndGlobalSection
EndGlobal
